// !$*UTF8*$!
{
	archiveVersion = 1;
	classes = {
	};
	objectVersion = 46;
	objects = {

/* Begin PBXBuildFile section */
		B8046D8A1D49368C0050C0FE /* CorrectColor.sks in Resources */ = {isa = PBXBuildFile; fileRef = B8046D881D49368C0050C0FE /* CorrectColor.sks */; };
		B8046D8B1D49368C0050C0FE /* spark.png in Resources */ = {isa = PBXBuildFile; fileRef = B8046D891D49368C0050C0FE /* spark.png */; };
		B8046D941D4953BE0050C0FE /* wrongpt1.sks in Resources */ = {isa = PBXBuildFile; fileRef = B8046D921D4953BE0050C0FE /* wrongpt1.sks */; };
		B8046D951D4953BE0050C0FE /* spark.png in Resources */ = {isa = PBXBuildFile; fileRef = B8046D931D4953BE0050C0FE /* spark.png */; };
		B8046D971D4955E50050C0FE /* wrongpt2.sks in Resources */ = {isa = PBXBuildFile; fileRef = B8046D961D4955E50050C0FE /* wrongpt2.sks */; };
		B8046D991D4956E60050C0FE /* wrongpt4.sks in Resources */ = {isa = PBXBuildFile; fileRef = B8046D981D4956E60050C0FE /* wrongpt4.sks */; };
		B8046D9B1D49570C0050C0FE /* wrongpt3.sks in Resources */ = {isa = PBXBuildFile; fileRef = B8046D9A1D49570C0050C0FE /* wrongpt3.sks */; };
		B8046DA81D49814C0050C0FE /* fail.mp3 in Resources */ = {isa = PBXBuildFile; fileRef = B8046DA71D49814C0050C0FE /* fail.mp3 */; };
		B8046DAA1D4A6EB50050C0FE /* correct.wav in Resources */ = {isa = PBXBuildFile; fileRef = B8046DA91D4A6EB50050C0FE /* correct.wav */; };
		B8107D0A1D58E77A00D9624E /* StoreKit.framework in Frameworks */ = {isa = PBXBuildFile; fileRef = B8107D091D58E77A00D9624E /* StoreKit.framework */; };
		B8107D0C1D58E78100D9624E /* Foundation.framework in Frameworks */ = {isa = PBXBuildFile; fileRef = B8107D0B1D58E78100D9624E /* Foundation.framework */; };
		B8107D0E1D58E78D00D9624E /* CoreGraphics.framework in Frameworks */ = {isa = PBXBuildFile; fileRef = B8107D0D1D58E78D00D9624E /* CoreGraphics.framework */; };
		B8107D101D58E79B00D9624E /* UIKit.framework in Frameworks */ = {isa = PBXBuildFile; fileRef = B8107D0F1D58E79B00D9624E /* UIKit.framework */; };
		B811381F1D550379004158D7 /* newHighScore.sks in Resources */ = {isa = PBXBuildFile; fileRef = B811381E1D550379004158D7 /* newHighScore.sks */; };
		B81353B81D480EDA0004CFA2 /* MainScene.swift in Sources */ = {isa = PBXBuildFile; fileRef = B81353B71D480EDA0004CFA2 /* MainScene.swift */; };
		B818CBE81D5167FC008D29F9 /* beathighscore.sks in Resources */ = {isa = PBXBuildFile; fileRef = B818CBE71D5167FC008D29F9 /* beathighscore.sks */; };
		B81981E01D427C9900A93D1D /* CGFloat+Extensions.swift in Sources */ = {isa = PBXBuildFile; fileRef = B81981D41D427C9900A93D1D /* CGFloat+Extensions.swift */; };
		B81981E11D427C9900A93D1D /* CGPoint+Extensions.swift in Sources */ = {isa = PBXBuildFile; fileRef = B81981D51D427C9900A93D1D /* CGPoint+Extensions.swift */; };
		B81981E21D427C9900A93D1D /* CGVector+Extensions.swift in Sources */ = {isa = PBXBuildFile; fileRef = B81981D61D427C9900A93D1D /* CGVector+Extensions.swift */; };
		B81981E31D427C9900A93D1D /* Int+Extensions.swift in Sources */ = {isa = PBXBuildFile; fileRef = B81981D71D427C9900A93D1D /* Int+Extensions.swift */; };
		B81981E41D427C9900A93D1D /* SKAction+Extensions.swift in Sources */ = {isa = PBXBuildFile; fileRef = B81981D81D427C9900A93D1D /* SKAction+Extensions.swift */; };
		B81981E51D427C9900A93D1D /* SKAction+SpecialEffects.swift in Sources */ = {isa = PBXBuildFile; fileRef = B81981D91D427C9900A93D1D /* SKAction+SpecialEffects.swift */; };
		B81981E61D427C9900A93D1D /* SKColor+Extensions.swift in Sources */ = {isa = PBXBuildFile; fileRef = B81981DA1D427C9900A93D1D /* SKColor+Extensions.swift */; };
		B81981E71D427C9900A93D1D /* SKNode+Extensions.swift in Sources */ = {isa = PBXBuildFile; fileRef = B81981DB1D427C9900A93D1D /* SKNode+Extensions.swift */; };
		B81981E81D427C9900A93D1D /* SKTAudio.swift in Sources */ = {isa = PBXBuildFile; fileRef = B81981DC1D427C9900A93D1D /* SKTAudio.swift */; };
		B81981E91D427C9900A93D1D /* SKTEffects.swift in Sources */ = {isa = PBXBuildFile; fileRef = B81981DD1D427C9900A93D1D /* SKTEffects.swift */; };
		B81981EA1D427C9900A93D1D /* SKTTimingFunctions.swift in Sources */ = {isa = PBXBuildFile; fileRef = B81981DE1D427C9900A93D1D /* SKTTimingFunctions.swift */; };
		B81981EB1D427C9900A93D1D /* Vector3.swift in Sources */ = {isa = PBXBuildFile; fileRef = B81981DF1D427C9900A93D1D /* Vector3.swift */; };
		B81B65A71D4C040C0001F6B5 /* MSReferenceNodeShape.swift in Sources */ = {isa = PBXBuildFile; fileRef = B81B65A61D4C040C0001F6B5 /* MSReferenceNodeShape.swift */; };
		B81DE4571D412E2300389329 /* SceneType1.sks in Resources */ = {isa = PBXBuildFile; fileRef = B81DE4561D412E2300389329 /* SceneType1.sks */; };
		B81DE4591D412E4900389329 /* SceneType2.sks in Resources */ = {isa = PBXBuildFile; fileRef = B81DE4581D412E4900389329 /* SceneType2.sks */; };
		B81DE45B1D412E9400389329 /* SceneType3.sks in Resources */ = {isa = PBXBuildFile; fileRef = B81DE45A1D412E9400389329 /* SceneType3.sks */; };
		B81DE45D1D412EAB00389329 /* SceneType4.sks in Resources */ = {isa = PBXBuildFile; fileRef = B81DE45C1D412EAB00389329 /* SceneType4.sks */; };
		B81DE45F1D412ED800389329 /* SceneType5.sks in Resources */ = {isa = PBXBuildFile; fileRef = B81DE45E1D412ED800389329 /* SceneType5.sks */; };
		B81E4AFA1D4BD55500A4458B /* ShapeSceneType1.sks in Resources */ = {isa = PBXBuildFile; fileRef = B81E4AF91D4BD55500A4458B /* ShapeSceneType1.sks */; };
		B81E4AFC1D4BD59000A4458B /* ShapeSceneType2.sks in Resources */ = {isa = PBXBuildFile; fileRef = B81E4AFB1D4BD59000A4458B /* ShapeSceneType2.sks */; };
		B81E4AFE1D4BD5FB00A4458B /* ShapeSceneType3.sks in Resources */ = {isa = PBXBuildFile; fileRef = B81E4AFD1D4BD5FB00A4458B /* ShapeSceneType3.sks */; };
		B81E4B001D4BD61D00A4458B /* ShapeSceneType4.sks in Resources */ = {isa = PBXBuildFile; fileRef = B81E4AFF1D4BD61D00A4458B /* ShapeSceneType4.sks */; };
		B81E4B021D4BD62B00A4458B /* ShapeSceneType5.sks in Resources */ = {isa = PBXBuildFile; fileRef = B81E4B011D4BD62B00A4458B /* ShapeSceneType5.sks */; };
		B8202EF81D53DE2600A5CE86 /* MainScene.sks in Resources */ = {isa = PBXBuildFile; fileRef = B8202EF71D53DE2600A5CE86 /* MainScene.sks */; };
		B820BF0E1D36A238005710A6 /* CountdownLabel.swift in Sources */ = {isa = PBXBuildFile; fileRef = B820BF0D1D36A238005710A6 /* CountdownLabel.swift */; };
		B83C7D2D1D38496200D29D40 /* MSButtonNode.swift in Sources */ = {isa = PBXBuildFile; fileRef = B83C7D2B1D38496200D29D40 /* MSButtonNode.swift */; };
		B83C7D2E1D38496200D29D40 /* MSReferenceNode.swift in Sources */ = {isa = PBXBuildFile; fileRef = B83C7D2C1D38496200D29D40 /* MSReferenceNode.swift */; };
		B87561E51D4BBA4400C97099 /* SwiftyUserDefaults.swift in Sources */ = {isa = PBXBuildFile; fileRef = B87561E41D4BBA4400C97099 /* SwiftyUserDefaults.swift */; };
		B87561E91D4BC8EF00C97099 /* GameSceneShape.swift in Sources */ = {isa = PBXBuildFile; fileRef = B87561E81D4BC8EF00C97099 /* GameSceneShape.swift */; };
		B87561EB1D4BC90500C97099 /* GameSceneShape.sks in Resources */ = {isa = PBXBuildFile; fileRef = B87561EA1D4BC90500C97099 /* GameSceneShape.sks */; };
		B891AB411D5267D500D70C65 /* EasyLevel.sks in Resources */ = {isa = PBXBuildFile; fileRef = B891AB401D5267D500D70C65 /* EasyLevel.sks */; };
		B891AB431D5267ED00D70C65 /* EasyLevel.swift in Sources */ = {isa = PBXBuildFile; fileRef = B891AB421D5267ED00D70C65 /* EasyLevel.swift */; };
		B891AB481D52741500D70C65 /* HardLevel.swift in Sources */ = {isa = PBXBuildFile; fileRef = B891AB471D52741500D70C65 /* HardLevel.swift */; };
		B891AB4A1D52743B00D70C65 /* HardLevel.sks in Resources */ = {isa = PBXBuildFile; fileRef = B891AB491D52743B00D70C65 /* HardLevel.sks */; };
		B8A4CA4E1D4AC8560021F3FF /* GameManager.swift in Sources */ = {isa = PBXBuildFile; fileRef = B8A4CA4D1D4AC8560021F3FF /* GameManager.swift */; };
		B8B077541D35B802009AB041 /* AppDelegate.swift in Sources */ = {isa = PBXBuildFile; fileRef = B8B077531D35B802009AB041 /* AppDelegate.swift */; };
		B8B077561D35B802009AB041 /* GameScene1.sks in Resources */ = {isa = PBXBuildFile; fileRef = B8B077551D35B802009AB041 /* GameScene1.sks */; };
		B8B077581D35B802009AB041 /* GameScene1.swift in Sources */ = {isa = PBXBuildFile; fileRef = B8B077571D35B802009AB041 /* GameScene1.swift */; };
		B8B0775A1D35B802009AB041 /* GameViewController.swift in Sources */ = {isa = PBXBuildFile; fileRef = B8B077591D35B802009AB041 /* GameViewController.swift */; };
		B8B0775D1D35B802009AB041 /* Main.storyboard in Resources */ = {isa = PBXBuildFile; fileRef = B8B0775B1D35B802009AB041 /* Main.storyboard */; };
		B8B0775F1D35B802009AB041 /* Assets.xcassets in Resources */ = {isa = PBXBuildFile; fileRef = B8B0775E1D35B802009AB041 /* Assets.xcassets */; };
		B8B077621D35B802009AB041 /* LaunchScreen.storyboard in Resources */ = {isa = PBXBuildFile; fileRef = B8B077601D35B802009AB041 /* LaunchScreen.storyboard */; };
		BD727176987DAD88405A8BFC /* Pods_Square_Mind.framework in Frameworks */ = {isa = PBXBuildFile; fileRef = EAABCCDC591BF143611561ED /* Pods_Square_Mind.framework */; };
/* End PBXBuildFile section */

/* Begin PBXFileReference section */
		840CC2A5BA3813B3BABB79AB /* Pods-Square Mind.release.xcconfig */ = {isa = PBXFileReference; includeInIndex = 1; lastKnownFileType = text.xcconfig; name = "Pods-Square Mind.release.xcconfig"; path = "Pods/Target Support Files/Pods-Square Mind/Pods-Square Mind.release.xcconfig"; sourceTree = "<group>"; };
		B8046D881D49368C0050C0FE /* CorrectColor.sks */ = {isa = PBXFileReference; lastKnownFileType = file.sks; path = CorrectColor.sks; sourceTree = "<group>"; };
		B8046D891D49368C0050C0FE /* spark.png */ = {isa = PBXFileReference; lastKnownFileType = image.png; path = spark.png; sourceTree = "<group>"; };
		B8046D921D4953BE0050C0FE /* wrongpt1.sks */ = {isa = PBXFileReference; lastKnownFileType = file.sks; path = wrongpt1.sks; sourceTree = "<group>"; };
		B8046D931D4953BE0050C0FE /* spark.png */ = {isa = PBXFileReference; lastKnownFileType = image.png; path = spark.png; sourceTree = "<group>"; };
		B8046D961D4955E50050C0FE /* wrongpt2.sks */ = {isa = PBXFileReference; lastKnownFileType = file.sks; path = wrongpt2.sks; sourceTree = "<group>"; };
		B8046D981D4956E60050C0FE /* wrongpt4.sks */ = {isa = PBXFileReference; lastKnownFileType = file.sks; path = wrongpt4.sks; sourceTree = "<group>"; };
		B8046D9A1D49570C0050C0FE /* wrongpt3.sks */ = {isa = PBXFileReference; lastKnownFileType = file.sks; path = wrongpt3.sks; sourceTree = "<group>"; };
		B8046DA71D49814C0050C0FE /* fail.mp3 */ = {isa = PBXFileReference; lastKnownFileType = audio.mp3; path = fail.mp3; sourceTree = "<group>"; };
		B8046DA91D4A6EB50050C0FE /* correct.wav */ = {isa = PBXFileReference; lastKnownFileType = audio.wav; path = correct.wav; sourceTree = "<group>"; };
		B8107D091D58E77A00D9624E /* StoreKit.framework */ = {isa = PBXFileReference; lastKnownFileType = wrapper.framework; name = StoreKit.framework; path = System/Library/Frameworks/StoreKit.framework; sourceTree = SDKROOT; };
		B8107D0B1D58E78100D9624E /* Foundation.framework */ = {isa = PBXFileReference; lastKnownFileType = wrapper.framework; name = Foundation.framework; path = System/Library/Frameworks/Foundation.framework; sourceTree = SDKROOT; };
		B8107D0D1D58E78D00D9624E /* CoreGraphics.framework */ = {isa = PBXFileReference; lastKnownFileType = wrapper.framework; name = CoreGraphics.framework; path = System/Library/Frameworks/CoreGraphics.framework; sourceTree = SDKROOT; };
		B8107D0F1D58E79B00D9624E /* UIKit.framework */ = {isa = PBXFileReference; lastKnownFileType = wrapper.framework; name = UIKit.framework; path = System/Library/Frameworks/UIKit.framework; sourceTree = SDKROOT; };
		B8107D111D58E86600D9624E /* Header.h */ = {isa = PBXFileReference; lastKnownFileType = sourcecode.c.h; path = Header.h; sourceTree = "<group>"; };
		B811381E1D550379004158D7 /* newHighScore.sks */ = {isa = PBXFileReference; lastKnownFileType = file.sks; name = newHighScore.sks; path = ../newHighScore.sks; sourceTree = "<group>"; };
		B81353B71D480EDA0004CFA2 /* MainScene.swift */ = {isa = PBXFileReference; fileEncoding = 4; lastKnownFileType = sourcecode.swift; path = MainScene.swift; sourceTree = "<group>"; };
		B818CBE71D5167FC008D29F9 /* beathighscore.sks */ = {isa = PBXFileReference; lastKnownFileType = file.sks; name = beathighscore.sks; path = ../beathighscore.sks; sourceTree = "<group>"; };
		B81981D41D427C9900A93D1D /* CGFloat+Extensions.swift */ = {isa = PBXFileReference; fileEncoding = 4; lastKnownFileType = sourcecode.swift; path = "CGFloat+Extensions.swift"; sourceTree = "<group>"; };
		B81981D51D427C9900A93D1D /* CGPoint+Extensions.swift */ = {isa = PBXFileReference; fileEncoding = 4; lastKnownFileType = sourcecode.swift; path = "CGPoint+Extensions.swift"; sourceTree = "<group>"; };
		B81981D61D427C9900A93D1D /* CGVector+Extensions.swift */ = {isa = PBXFileReference; fileEncoding = 4; lastKnownFileType = sourcecode.swift; path = "CGVector+Extensions.swift"; sourceTree = "<group>"; };
		B81981D71D427C9900A93D1D /* Int+Extensions.swift */ = {isa = PBXFileReference; fileEncoding = 4; lastKnownFileType = sourcecode.swift; path = "Int+Extensions.swift"; sourceTree = "<group>"; };
		B81981D81D427C9900A93D1D /* SKAction+Extensions.swift */ = {isa = PBXFileReference; fileEncoding = 4; lastKnownFileType = sourcecode.swift; path = "SKAction+Extensions.swift"; sourceTree = "<group>"; };
		B81981D91D427C9900A93D1D /* SKAction+SpecialEffects.swift */ = {isa = PBXFileReference; fileEncoding = 4; lastKnownFileType = sourcecode.swift; path = "SKAction+SpecialEffects.swift"; sourceTree = "<group>"; };
		B81981DA1D427C9900A93D1D /* SKColor+Extensions.swift */ = {isa = PBXFileReference; fileEncoding = 4; lastKnownFileType = sourcecode.swift; path = "SKColor+Extensions.swift"; sourceTree = "<group>"; };
		B81981DB1D427C9900A93D1D /* SKNode+Extensions.swift */ = {isa = PBXFileReference; fileEncoding = 4; lastKnownFileType = sourcecode.swift; path = "SKNode+Extensions.swift"; sourceTree = "<group>"; };
		B81981DC1D427C9900A93D1D /* SKTAudio.swift */ = {isa = PBXFileReference; fileEncoding = 4; lastKnownFileType = sourcecode.swift; path = SKTAudio.swift; sourceTree = "<group>"; };
		B81981DD1D427C9900A93D1D /* SKTEffects.swift */ = {isa = PBXFileReference; fileEncoding = 4; lastKnownFileType = sourcecode.swift; path = SKTEffects.swift; sourceTree = "<group>"; };
		B81981DE1D427C9900A93D1D /* SKTTimingFunctions.swift */ = {isa = PBXFileReference; fileEncoding = 4; lastKnownFileType = sourcecode.swift; path = SKTTimingFunctions.swift; sourceTree = "<group>"; };
		B81981DF1D427C9900A93D1D /* Vector3.swift */ = {isa = PBXFileReference; fileEncoding = 4; lastKnownFileType = sourcecode.swift; path = Vector3.swift; sourceTree = "<group>"; };
		B81B65A61D4C040C0001F6B5 /* MSReferenceNodeShape.swift */ = {isa = PBXFileReference; fileEncoding = 4; lastKnownFileType = sourcecode.swift; name = MSReferenceNodeShape.swift; path = ../MSReferenceNodeShape.swift; sourceTree = "<group>"; };
		B81DE4561D412E2300389329 /* SceneType1.sks */ = {isa = PBXFileReference; lastKnownFileType = file.sks; path = SceneType1.sks; sourceTree = "<group>"; };
		B81DE4581D412E4900389329 /* SceneType2.sks */ = {isa = PBXFileReference; lastKnownFileType = file.sks; path = SceneType2.sks; sourceTree = "<group>"; };
		B81DE45A1D412E9400389329 /* SceneType3.sks */ = {isa = PBXFileReference; lastKnownFileType = file.sks; path = SceneType3.sks; sourceTree = "<group>"; };
		B81DE45C1D412EAB00389329 /* SceneType4.sks */ = {isa = PBXFileReference; lastKnownFileType = file.sks; path = SceneType4.sks; sourceTree = "<group>"; };
		B81DE45E1D412ED800389329 /* SceneType5.sks */ = {isa = PBXFileReference; lastKnownFileType = file.sks; path = SceneType5.sks; sourceTree = "<group>"; };
		B81E4AF91D4BD55500A4458B /* ShapeSceneType1.sks */ = {isa = PBXFileReference; lastKnownFileType = file.sks; path = ShapeSceneType1.sks; sourceTree = "<group>"; };
		B81E4AFB1D4BD59000A4458B /* ShapeSceneType2.sks */ = {isa = PBXFileReference; lastKnownFileType = file.sks; path = ShapeSceneType2.sks; sourceTree = "<group>"; };
		B81E4AFD1D4BD5FB00A4458B /* ShapeSceneType3.sks */ = {isa = PBXFileReference; lastKnownFileType = file.sks; path = ShapeSceneType3.sks; sourceTree = "<group>"; };
		B81E4AFF1D4BD61D00A4458B /* ShapeSceneType4.sks */ = {isa = PBXFileReference; lastKnownFileType = file.sks; path = ShapeSceneType4.sks; sourceTree = "<group>"; };
		B81E4B011D4BD62B00A4458B /* ShapeSceneType5.sks */ = {isa = PBXFileReference; lastKnownFileType = file.sks; path = ShapeSceneType5.sks; sourceTree = "<group>"; };
		B8202EF71D53DE2600A5CE86 /* MainScene.sks */ = {isa = PBXFileReference; lastKnownFileType = file.sks; path = MainScene.sks; sourceTree = "<group>"; };
		B820BF0D1D36A238005710A6 /* CountdownLabel.swift */ = {isa = PBXFileReference; fileEncoding = 4; lastKnownFileType = sourcecode.swift; path = CountdownLabel.swift; sourceTree = "<group>"; };
		B83C7D2B1D38496200D29D40 /* MSButtonNode.swift */ = {isa = PBXFileReference; fileEncoding = 4; lastKnownFileType = sourcecode.swift; path = MSButtonNode.swift; sourceTree = "<group>"; };
		B83C7D2C1D38496200D29D40 /* MSReferenceNode.swift */ = {isa = PBXFileReference; fileEncoding = 4; lastKnownFileType = sourcecode.swift; path = MSReferenceNode.swift; sourceTree = "<group>"; };
		B87561E41D4BBA4400C97099 /* SwiftyUserDefaults.swift */ = {isa = PBXFileReference; fileEncoding = 4; lastKnownFileType = sourcecode.swift; path = SwiftyUserDefaults.swift; sourceTree = "<group>"; };
		B87561E61D4BBAA000C97099 /* SwiftyUserDefaults.h */ = {isa = PBXFileReference; lastKnownFileType = sourcecode.c.h; path = SwiftyUserDefaults.h; sourceTree = "<group>"; };
		B87561E81D4BC8EF00C97099 /* GameSceneShape.swift */ = {isa = PBXFileReference; fileEncoding = 4; lastKnownFileType = sourcecode.swift; path = GameSceneShape.swift; sourceTree = "<group>"; };
		B87561EA1D4BC90500C97099 /* GameSceneShape.sks */ = {isa = PBXFileReference; lastKnownFileType = file.sks; path = GameSceneShape.sks; sourceTree = "<group>"; };
		B891AB401D5267D500D70C65 /* EasyLevel.sks */ = {isa = PBXFileReference; lastKnownFileType = file.sks; path = EasyLevel.sks; sourceTree = "<group>"; };
		B891AB421D5267ED00D70C65 /* EasyLevel.swift */ = {isa = PBXFileReference; fileEncoding = 4; lastKnownFileType = sourcecode.swift; path = EasyLevel.swift; sourceTree = "<group>"; };
		B891AB471D52741500D70C65 /* HardLevel.swift */ = {isa = PBXFileReference; fileEncoding = 4; lastKnownFileType = sourcecode.swift; name = HardLevel.swift; path = ../HardLevel.swift; sourceTree = "<group>"; };
		B891AB491D52743B00D70C65 /* HardLevel.sks */ = {isa = PBXFileReference; lastKnownFileType = file.sks; name = HardLevel.sks; path = ../HardLevel.sks; sourceTree = "<group>"; };
		B8A4CA4D1D4AC8560021F3FF /* GameManager.swift */ = {isa = PBXFileReference; fileEncoding = 4; lastKnownFileType = sourcecode.swift; path = GameManager.swift; sourceTree = "<group>"; };
		B8B077501D35B802009AB041 /* Square Mind.app */ = {isa = PBXFileReference; explicitFileType = wrapper.application; includeInIndex = 0; path = "Square Mind.app"; sourceTree = BUILT_PRODUCTS_DIR; };
		B8B077531D35B802009AB041 /* AppDelegate.swift */ = {isa = PBXFileReference; lastKnownFileType = sourcecode.swift; path = AppDelegate.swift; sourceTree = "<group>"; };
		B8B077551D35B802009AB041 /* GameScene1.sks */ = {isa = PBXFileReference; lastKnownFileType = file.sks; path = GameScene1.sks; sourceTree = "<group>"; };
		B8B077571D35B802009AB041 /* GameScene1.swift */ = {isa = PBXFileReference; lastKnownFileType = sourcecode.swift; path = GameScene1.swift; sourceTree = "<group>"; };
		B8B077591D35B802009AB041 /* GameViewController.swift */ = {isa = PBXFileReference; lastKnownFileType = sourcecode.swift; path = GameViewController.swift; sourceTree = "<group>"; };
		B8B0775C1D35B802009AB041 /* Base */ = {isa = PBXFileReference; lastKnownFileType = file.storyboard; name = Base; path = Base.lproj/Main.storyboard; sourceTree = "<group>"; };
		B8B0775E1D35B802009AB041 /* Assets.xcassets */ = {isa = PBXFileReference; lastKnownFileType = folder.assetcatalog; path = Assets.xcassets; sourceTree = "<group>"; };
		B8B077611D35B802009AB041 /* Base */ = {isa = PBXFileReference; lastKnownFileType = file.storyboard; name = Base; path = Base.lproj/LaunchScreen.storyboard; sourceTree = "<group>"; };
		B8B077631D35B802009AB041 /* Info.plist */ = {isa = PBXFileReference; lastKnownFileType = text.plist.xml; path = Info.plist; sourceTree = "<group>"; };
		D9DCBC33A8A1FA41B5B2E8E2 /* Pods-Square Mind.debug.xcconfig */ = {isa = PBXFileReference; includeInIndex = 1; lastKnownFileType = text.xcconfig; name = "Pods-Square Mind.debug.xcconfig"; path = "Pods/Target Support Files/Pods-Square Mind/Pods-Square Mind.debug.xcconfig"; sourceTree = "<group>"; };
		EAABCCDC591BF143611561ED /* Pods_Square_Mind.framework */ = {isa = PBXFileReference; explicitFileType = wrapper.framework; includeInIndex = 0; path = Pods_Square_Mind.framework; sourceTree = BUILT_PRODUCTS_DIR; };
/* End PBXFileReference section */

/* Begin PBXFrameworksBuildPhase section */
		B8B0774D1D35B802009AB041 /* Frameworks */ = {
			isa = PBXFrameworksBuildPhase;
			buildActionMask = 2147483647;
			files = (
				B8107D101D58E79B00D9624E /* UIKit.framework in Frameworks */,
				B8107D0E1D58E78D00D9624E /* CoreGraphics.framework in Frameworks */,
				B8107D0C1D58E78100D9624E /* Foundation.framework in Frameworks */,
				B8107D0A1D58E77A00D9624E /* StoreKit.framework in Frameworks */,
				BD727176987DAD88405A8BFC /* Pods_Square_Mind.framework in Frameworks */,
			);
			runOnlyForDeploymentPostprocessing = 0;
		};
/* End PBXFrameworksBuildPhase section */

/* Begin PBXGroup section */
		7455DFD1D7D70C42A21B0219 /* Pods */ = {
			isa = PBXGroup;
			children = (
				D9DCBC33A8A1FA41B5B2E8E2 /* Pods-Square Mind.debug.xcconfig */,
				840CC2A5BA3813B3BABB79AB /* Pods-Square Mind.release.xcconfig */,
			);
			name = Pods;
			sourceTree = "<group>";
		};
		B81981D31D427C9900A93D1D /* SKTUtils */ = {
			isa = PBXGroup;
			children = (
				B81981D41D427C9900A93D1D /* CGFloat+Extensions.swift */,
				B81981D51D427C9900A93D1D /* CGPoint+Extensions.swift */,
				B81981D61D427C9900A93D1D /* CGVector+Extensions.swift */,
				B81981D71D427C9900A93D1D /* Int+Extensions.swift */,
				B81981D81D427C9900A93D1D /* SKAction+Extensions.swift */,
				B81981D91D427C9900A93D1D /* SKAction+SpecialEffects.swift */,
				B81981DA1D427C9900A93D1D /* SKColor+Extensions.swift */,
				B81981DB1D427C9900A93D1D /* SKNode+Extensions.swift */,
				B81981DC1D427C9900A93D1D /* SKTAudio.swift */,
				B81981DD1D427C9900A93D1D /* SKTEffects.swift */,
				B81981DE1D427C9900A93D1D /* SKTTimingFunctions.swift */,
				B81981DF1D427C9900A93D1D /* Vector3.swift */,
			);
			path = SKTUtils;
			sourceTree = "<group>";
		};
		B81E4B031D4BFFDC00A4458B /* GameScene obsticals */ = {
			isa = PBXGroup;
			children = (
				B81DE4561D412E2300389329 /* SceneType1.sks */,
				B81DE4581D412E4900389329 /* SceneType2.sks */,
				B81DE45A1D412E9400389329 /* SceneType3.sks */,
				B81DE45C1D412EAB00389329 /* SceneType4.sks */,
				B81DE45E1D412ED800389329 /* SceneType5.sks */,
			);
			name = "GameScene obsticals";
			sourceTree = "<group>";
		};
		B8298BDE1D4FF9D100DAD6F9 /* shape Scene */ = {
			isa = PBXGroup;
			children = (
				B81E4AF91D4BD55500A4458B /* ShapeSceneType1.sks */,
				B81E4AFB1D4BD59000A4458B /* ShapeSceneType2.sks */,
				B81E4AFD1D4BD5FB00A4458B /* ShapeSceneType3.sks */,
				B81E4AFF1D4BD61D00A4458B /* ShapeSceneType4.sks */,
				B81E4B011D4BD62B00A4458B /* ShapeSceneType5.sks */,
			);
			name = "shape Scene";
			sourceTree = "<group>";
		};
		B8298BDF1D4FF9FB00DAD6F9 /* sounds */ = {
			isa = PBXGroup;
			children = (
				B8046DA71D49814C0050C0FE /* fail.mp3 */,
				B8046DA91D4A6EB50050C0FE /* correct.wav */,
			);
			name = sounds;
			sourceTree = "<group>";
		};
		B8298BE01D4FFDB500DAD6F9 /* wrong sparklits */ = {
			isa = PBXGroup;
			children = (
				B8046D921D4953BE0050C0FE /* wrongpt1.sks */,
				B8046D961D4955E50050C0FE /* wrongpt2.sks */,
				B8046D9A1D49570C0050C0FE /* wrongpt3.sks */,
				B8046D981D4956E60050C0FE /* wrongpt4.sks */,
				B8046D931D4953BE0050C0FE /* spark.png */,
			);
			name = "wrong sparklits";
			path = ..;
			sourceTree = "<group>";
		};
		B83C7D2A1D38496200D29D40 /* Utils */ = {
			isa = PBXGroup;
			children = (
				B83C7D2B1D38496200D29D40 /* MSButtonNode.swift */,
				B81B65A61D4C040C0001F6B5 /* MSReferenceNodeShape.swift */,
				B83C7D2C1D38496200D29D40 /* MSReferenceNode.swift */,
			);
			path = Utils;
			sourceTree = "<group>";
		};
		B891AB441D52736E00D70C65 /* sparkles */ = {
			isa = PBXGroup;
			children = (
				B8298BE01D4FFDB500DAD6F9 /* wrong sparklits */,
				B811381E1D550379004158D7 /* newHighScore.sks */,
				B818CBE71D5167FC008D29F9 /* beathighscore.sks */,
				B8046D881D49368C0050C0FE /* CorrectColor.sks */,
				B8046D891D49368C0050C0FE /* spark.png */,
			);
			name = sparkles;
			sourceTree = "<group>";
		};
		B891AB451D5273A500D70C65 /* levelScenes */ = {
			isa = PBXGroup;
			children = (
				B891AB401D5267D500D70C65 /* EasyLevel.sks */,
				B8B077551D35B802009AB041 /* GameScene1.sks */,
				B891AB491D52743B00D70C65 /* HardLevel.sks */,
				B87561EA1D4BC90500C97099 /* GameSceneShape.sks */,
			);
			name = levelScenes;
			sourceTree = "<group>";
		};
		B891AB461D5273E300D70C65 /* swift Levels */ = {
			isa = PBXGroup;
			children = (
				B891AB421D5267ED00D70C65 /* EasyLevel.swift */,
				B8B077571D35B802009AB041 /* GameScene1.swift */,
				B891AB471D52741500D70C65 /* HardLevel.swift */,
				B87561E81D4BC8EF00C97099 /* GameSceneShape.swift */,
			);
			name = "swift Levels";
			sourceTree = "<group>";
		};
		B8B077471D35B802009AB041 = {
			isa = PBXGroup;
			children = (
				B8107D111D58E86600D9624E /* Header.h */,
				B8B077521D35B802009AB041 /* Square Mind */,
				B8B077511D35B802009AB041 /* Products */,
				7455DFD1D7D70C42A21B0219 /* Pods */,
				F605D4EB6BD379105C6ABD41 /* Frameworks */,
			);
			sourceTree = "<group>";
		};
		B8B077511D35B802009AB041 /* Products */ = {
			isa = PBXGroup;
			children = (
				B8B077501D35B802009AB041 /* Square Mind.app */,
			);
			name = Products;
			sourceTree = "<group>";
		};
		B8B077521D35B802009AB041 /* Square Mind */ = {
			isa = PBXGroup;
			children = (
				B891AB441D52736E00D70C65 /* sparkles */,
				B81981D31D427C9900A93D1D /* SKTUtils */,
				B8B077531D35B802009AB041 /* AppDelegate.swift */,
				B8202EF71D53DE2600A5CE86 /* MainScene.sks */,
				B891AB451D5273A500D70C65 /* levelScenes */,
				B8298BDE1D4FF9D100DAD6F9 /* shape Scene */,
				B81E4B031D4BFFDC00A4458B /* GameScene obsticals */,
				B891AB461D5273E300D70C65 /* swift Levels */,
				B81353B71D480EDA0004CFA2 /* MainScene.swift */,
				B8A4CA4D1D4AC8560021F3FF /* GameManager.swift */,
				B87561E41D4BBA4400C97099 /* SwiftyUserDefaults.swift */,
				B87561E61D4BBAA000C97099 /* SwiftyUserDefaults.h */,
				B820BF0D1D36A238005710A6 /* CountdownLabel.swift */,
				B8B077591D35B802009AB041 /* GameViewController.swift */,
				B8107D0D1D58E78D00D9624E /* CoreGraphics.framework */,
				B8107D0F1D58E79B00D9624E /* UIKit.framework */,
				B8B0775B1D35B802009AB041 /* Main.storyboard */,
				B8107D091D58E77A00D9624E /* StoreKit.framework */,
				B8107D0B1D58E78100D9624E /* Foundation.framework */,
				B8B0775E1D35B802009AB041 /* Assets.xcassets */,
				B8298BDF1D4FF9FB00DAD6F9 /* sounds */,
				B83C7D2A1D38496200D29D40 /* Utils */,
				B8B077601D35B802009AB041 /* LaunchScreen.storyboard */,
				B8B077631D35B802009AB041 /* Info.plist */,
			);
			path = "Square Mind";
			sourceTree = "<group>";
		};
		F605D4EB6BD379105C6ABD41 /* Frameworks */ = {
			isa = PBXGroup;
			children = (
				EAABCCDC591BF143611561ED /* Pods_Square_Mind.framework */,
			);
			name = Frameworks;
			sourceTree = "<group>";
		};
/* End PBXGroup section */

/* Begin PBXNativeTarget section */
		B8B0774F1D35B802009AB041 /* Square Mind */ = {
			isa = PBXNativeTarget;
			buildConfigurationList = B8B077661D35B802009AB041 /* Build configuration list for PBXNativeTarget "Square Mind" */;
			buildPhases = (
				0D7C28274731B1D6631E6052 /* [CP] Check Pods Manifest.lock */,
				B8B0774C1D35B802009AB041 /* Sources */,
				B8B0774D1D35B802009AB041 /* Frameworks */,
				B8B0774E1D35B802009AB041 /* Resources */,
				A2B7CBA9A39357AF1BAE1576 /* [CP] Embed Pods Frameworks */,
				E5D8D16922426D21367D5518 /* [CP] Copy Pods Resources */,
			);
			buildRules = (
			);
			dependencies = (
			);
			name = "Square Mind";
			productName = "Square Mind";
			productReference = B8B077501D35B802009AB041 /* Square Mind.app */;
			productType = "com.apple.product-type.application";
		};
/* End PBXNativeTarget section */

/* Begin PBXProject section */
		B8B077481D35B802009AB041 /* Project object */ = {
			isa = PBXProject;
			attributes = {
				LastSwiftUpdateCheck = 0730;
				LastUpgradeCheck = 0730;
				ORGANIZATIONNAME = "Alex Luther";
				TargetAttributes = {
					B8B0774F1D35B802009AB041 = {
						CreatedOnToolsVersion = 7.3.1;
						DevelopmentTeam = 6ADF8H8R44;
					};
				};
			};
			buildConfigurationList = B8B0774B1D35B802009AB041 /* Build configuration list for PBXProject "Square Mind" */;
			compatibilityVersion = "Xcode 3.2";
			developmentRegion = English;
			hasScannedForEncodings = 0;
			knownRegions = (
				en,
				Base,
			);
			mainGroup = B8B077471D35B802009AB041;
			productRefGroup = B8B077511D35B802009AB041 /* Products */;
			projectDirPath = "";
			projectRoot = "";
			targets = (
				B8B0774F1D35B802009AB041 /* Square Mind */,
			);
		};
/* End PBXProject section */

/* Begin PBXResourcesBuildPhase section */
		B8B0774E1D35B802009AB041 /* Resources */ = {
			isa = PBXResourcesBuildPhase;
			buildActionMask = 2147483647;
			files = (
				B811381F1D550379004158D7 /* newHighScore.sks in Resources */,
				B8B077561D35B802009AB041 /* GameScene1.sks in Resources */,
				B81DE45F1D412ED800389329 /* SceneType5.sks in Resources */,
				B8046D8B1D49368C0050C0FE /* spark.png in Resources */,
				B891AB4A1D52743B00D70C65 /* HardLevel.sks in Resources */,
				B8046DA81D49814C0050C0FE /* fail.mp3 in Resources */,
				B8046DAA1D4A6EB50050C0FE /* correct.wav in Resources */,
				B81E4AFA1D4BD55500A4458B /* ShapeSceneType1.sks in Resources */,
				B8046D951D4953BE0050C0FE /* spark.png in Resources */,
				B818CBE81D5167FC008D29F9 /* beathighscore.sks in Resources */,
				B81DE45D1D412EAB00389329 /* SceneType4.sks in Resources */,
				B81DE4591D412E4900389329 /* SceneType2.sks in Resources */,
				B8046D991D4956E60050C0FE /* wrongpt4.sks in Resources */,
				B81DE45B1D412E9400389329 /* SceneType3.sks in Resources */,
				B8046D941D4953BE0050C0FE /* wrongpt1.sks in Resources */,
				B8046D9B1D49570C0050C0FE /* wrongpt3.sks in Resources */,
				B8046D971D4955E50050C0FE /* wrongpt2.sks in Resources */,
				B81E4B021D4BD62B00A4458B /* ShapeSceneType5.sks in Resources */,
				B8046D8A1D49368C0050C0FE /* CorrectColor.sks in Resources */,
				B8B077621D35B802009AB041 /* LaunchScreen.storyboard in Resources */,
				B8B0775F1D35B802009AB041 /* Assets.xcassets in Resources */,
				B81DE4571D412E2300389329 /* SceneType1.sks in Resources */,
				B87561EB1D4BC90500C97099 /* GameSceneShape.sks in Resources */,
				B81E4AFE1D4BD5FB00A4458B /* ShapeSceneType3.sks in Resources */,
				B8B0775D1D35B802009AB041 /* Main.storyboard in Resources */,
				B81E4AFC1D4BD59000A4458B /* ShapeSceneType2.sks in Resources */,
				B891AB411D5267D500D70C65 /* EasyLevel.sks in Resources */,
				B81E4B001D4BD61D00A4458B /* ShapeSceneType4.sks in Resources */,
				B8202EF81D53DE2600A5CE86 /* MainScene.sks in Resources */,
			);
			runOnlyForDeploymentPostprocessing = 0;
		};
/* End PBXResourcesBuildPhase section */

/* Begin PBXShellScriptBuildPhase section */
		0D7C28274731B1D6631E6052 /* [CP] Check Pods Manifest.lock */ = {
			isa = PBXShellScriptBuildPhase;
			buildActionMask = 2147483647;
			files = (
			);
			inputPaths = (
			);
			name = "[CP] Check Pods Manifest.lock";
			outputPaths = (
			);
			runOnlyForDeploymentPostprocessing = 0;
			shellPath = /bin/sh;
			shellScript = "diff \"${PODS_ROOT}/../Podfile.lock\" \"${PODS_ROOT}/Manifest.lock\" > /dev/null\nif [[ $? != 0 ]] ; then\n    cat << EOM\nerror: The sandbox is not in sync with the Podfile.lock. Run 'pod install' or update your CocoaPods installation.\nEOM\n    exit 1\nfi\n";
			showEnvVarsInLog = 0;
		};
		A2B7CBA9A39357AF1BAE1576 /* [CP] Embed Pods Frameworks */ = {
			isa = PBXShellScriptBuildPhase;
			buildActionMask = 2147483647;
			files = (
			);
			inputPaths = (
			);
			name = "[CP] Embed Pods Frameworks";
			outputPaths = (
			);
			runOnlyForDeploymentPostprocessing = 0;
			shellPath = /bin/sh;
			shellScript = "\"${SRCROOT}/Pods/Target Support Files/Pods-Square Mind/Pods-Square Mind-frameworks.sh\"\n";
			showEnvVarsInLog = 0;
		};
		E5D8D16922426D21367D5518 /* [CP] Copy Pods Resources */ = {
			isa = PBXShellScriptBuildPhase;
			buildActionMask = 2147483647;
			files = (
			);
			inputPaths = (
			);
			name = "[CP] Copy Pods Resources";
			outputPaths = (
			);
			runOnlyForDeploymentPostprocessing = 0;
			shellPath = /bin/sh;
			shellScript = "\"${SRCROOT}/Pods/Target Support Files/Pods-Square Mind/Pods-Square Mind-resources.sh\"\n";
			showEnvVarsInLog = 0;
		};
/* End PBXShellScriptBuildPhase section */

/* Begin PBXSourcesBuildPhase section */
		B8B0774C1D35B802009AB041 /* Sources */ = {
			isa = PBXSourcesBuildPhase;
			buildActionMask = 2147483647;
			files = (
				B8B077581D35B802009AB041 /* GameScene1.swift in Sources */,
				B81981EA1D427C9900A93D1D /* SKTTimingFunctions.swift in Sources */,
				B820BF0E1D36A238005710A6 /* CountdownLabel.swift in Sources */,
				B81981E21D427C9900A93D1D /* CGVector+Extensions.swift in Sources */,
				B81981E11D427C9900A93D1D /* CGPoint+Extensions.swift in Sources */,
				B81981E01D427C9900A93D1D /* CGFloat+Extensions.swift in Sources */,
				B8B0775A1D35B802009AB041 /* GameViewController.swift in Sources */,
				B87561E91D4BC8EF00C97099 /* GameSceneShape.swift in Sources */,
				B87561E51D4BBA4400C97099 /* SwiftyUserDefaults.swift in Sources */,
				B81981E81D427C9900A93D1D /* SKTAudio.swift in Sources */,
				B8B077541D35B802009AB041 /* AppDelegate.swift in Sources */,
				B891AB481D52741500D70C65 /* HardLevel.swift in Sources */,
				B8A4CA4E1D4AC8560021F3FF /* GameManager.swift in Sources */,
				B81353B81D480EDA0004CFA2 /* MainScene.swift in Sources */,
				B891AB431D5267ED00D70C65 /* EasyLevel.swift in Sources */,
				B81981E71D427C9900A93D1D /* SKNode+Extensions.swift in Sources */,
				B81981E41D427C9900A93D1D /* SKAction+Extensions.swift in Sources */,
				B81981E51D427C9900A93D1D /* SKAction+SpecialEffects.swift in Sources */,
				B83C7D2D1D38496200D29D40 /* MSButtonNode.swift in Sources */,
				B83C7D2E1D38496200D29D40 /* MSReferenceNode.swift in Sources */,
				B81B65A71D4C040C0001F6B5 /* MSReferenceNodeShape.swift in Sources */,
				B81981E91D427C9900A93D1D /* SKTEffects.swift in Sources */,
				B81981E31D427C9900A93D1D /* Int+Extensions.swift in Sources */,
				B81981EB1D427C9900A93D1D /* Vector3.swift in Sources */,
				B81981E61D427C9900A93D1D /* SKColor+Extensions.swift in Sources */,
			);
			runOnlyForDeploymentPostprocessing = 0;
		};
/* End PBXSourcesBuildPhase section */

/* Begin PBXVariantGroup section */
		B8B0775B1D35B802009AB041 /* Main.storyboard */ = {
			isa = PBXVariantGroup;
			children = (
				B8B0775C1D35B802009AB041 /* Base */,
			);
			name = Main.storyboard;
			sourceTree = "<group>";
		};
		B8B077601D35B802009AB041 /* LaunchScreen.storyboard */ = {
			isa = PBXVariantGroup;
			children = (
				B8B077611D35B802009AB041 /* Base */,
			);
			name = LaunchScreen.storyboard;
			sourceTree = "<group>";
		};
/* End PBXVariantGroup section */

/* Begin XCBuildConfiguration section */
		B8B077641D35B802009AB041 /* Debug */ = {
			isa = XCBuildConfiguration;
			buildSettings = {
				ALWAYS_SEARCH_USER_PATHS = NO;
				CLANG_ANALYZER_NONNULL = YES;
				CLANG_CXX_LANGUAGE_STANDARD = "gnu++0x";
				CLANG_CXX_LIBRARY = "libc++";
				CLANG_ENABLE_MODULES = YES;
				CLANG_ENABLE_OBJC_ARC = YES;
				CLANG_WARN_BOOL_CONVERSION = YES;
				CLANG_WARN_CONSTANT_CONVERSION = YES;
				CLANG_WARN_DIRECT_OBJC_ISA_USAGE = YES_ERROR;
				CLANG_WARN_EMPTY_BODY = YES;
				CLANG_WARN_ENUM_CONVERSION = YES;
				CLANG_WARN_INT_CONVERSION = YES;
				CLANG_WARN_OBJC_ROOT_CLASS = YES_ERROR;
				CLANG_WARN_UNREACHABLE_CODE = YES;
				CLANG_WARN__DUPLICATE_METHOD_MATCH = YES;
				"CODE_SIGN_IDENTITY[sdk=iphoneos*]" = "iPhone Developer";
				COPY_PHASE_STRIP = NO;
				DEBUG_INFORMATION_FORMAT = "dwarf-with-dsym";
				ENABLE_STRICT_OBJC_MSGSEND = YES;
				ENABLE_TESTABILITY = YES;
				GCC_C_LANGUAGE_STANDARD = gnu99;
				GCC_DYNAMIC_NO_PIC = NO;
				GCC_NO_COMMON_BLOCKS = YES;
				GCC_OPTIMIZATION_LEVEL = 0;
				GCC_PREPROCESSOR_DEFINITIONS = (
					"DEBUG=1",
					"$(inherited)",
				);
				GCC_WARN_64_TO_32_BIT_CONVERSION = YES;
				GCC_WARN_ABOUT_RETURN_TYPE = YES_ERROR;
				GCC_WARN_UNDECLARED_SELECTOR = YES;
				GCC_WARN_UNINITIALIZED_AUTOS = YES_AGGRESSIVE;
				GCC_WARN_UNUSED_FUNCTION = YES;
				GCC_WARN_UNUSED_VARIABLE = YES;
				IPHONEOS_DEPLOYMENT_TARGET = 9.3;
				MTL_ENABLE_DEBUG_INFO = YES;
				ONLY_ACTIVE_ARCH = YES;
				SDKROOT = iphoneos;
				SWIFT_OPTIMIZATION_LEVEL = "-Onone";
			};
			name = Debug;
		};
		B8B077651D35B802009AB041 /* Release */ = {
			isa = XCBuildConfiguration;
			buildSettings = {
				ALWAYS_SEARCH_USER_PATHS = NO;
				CLANG_ANALYZER_NONNULL = YES;
				CLANG_CXX_LANGUAGE_STANDARD = "gnu++0x";
				CLANG_CXX_LIBRARY = "libc++";
				CLANG_ENABLE_MODULES = YES;
				CLANG_ENABLE_OBJC_ARC = YES;
				CLANG_WARN_BOOL_CONVERSION = YES;
				CLANG_WARN_CONSTANT_CONVERSION = YES;
				CLANG_WARN_DIRECT_OBJC_ISA_USAGE = YES_ERROR;
				CLANG_WARN_EMPTY_BODY = YES;
				CLANG_WARN_ENUM_CONVERSION = YES;
				CLANG_WARN_INT_CONVERSION = YES;
				CLANG_WARN_OBJC_ROOT_CLASS = YES_ERROR;
				CLANG_WARN_UNREACHABLE_CODE = YES;
				CLANG_WARN__DUPLICATE_METHOD_MATCH = YES;
				"CODE_SIGN_IDENTITY[sdk=iphoneos*]" = "iPhone Developer";
				COPY_PHASE_STRIP = NO;
				DEBUG_INFORMATION_FORMAT = "dwarf-with-dsym";
				ENABLE_NS_ASSERTIONS = NO;
				ENABLE_STRICT_OBJC_MSGSEND = YES;
				GCC_C_LANGUAGE_STANDARD = gnu99;
				GCC_NO_COMMON_BLOCKS = YES;
				GCC_WARN_64_TO_32_BIT_CONVERSION = YES;
				GCC_WARN_ABOUT_RETURN_TYPE = YES_ERROR;
				GCC_WARN_UNDECLARED_SELECTOR = YES;
				GCC_WARN_UNINITIALIZED_AUTOS = YES_AGGRESSIVE;
				GCC_WARN_UNUSED_FUNCTION = YES;
				GCC_WARN_UNUSED_VARIABLE = YES;
				IPHONEOS_DEPLOYMENT_TARGET = 9.3;
				MTL_ENABLE_DEBUG_INFO = NO;
				SDKROOT = iphoneos;
				VALIDATE_PRODUCT = YES;
			};
			name = Release;
		};
		B8B077671D35B802009AB041 /* Debug */ = {
			isa = XCBuildConfiguration;
			baseConfigurationReference = D9DCBC33A8A1FA41B5B2E8E2 /* Pods-Square Mind.debug.xcconfig */;
			buildSettings = {
				ASSETCATALOG_COMPILER_APPICON_NAME = AppIcon;
				CODE_SIGN_IDENTITY = "iPhone Developer";
				"CODE_SIGN_IDENTITY[sdk=iphoneos*]" = "iPhone Developer";
				FRAMEWORK_SEARCH_PATHS = (
					"$(inherited)",
					"$(PROJECT_DIR)/Square",
					"Mind/Chartboost-iOS-6.4.7",
					2,
					"$(PROJECT_DIR)/Square",
					Mind,
					"$(PROJECT_DIR)/Square",
					Mind,
					"$(PROJECT_DIR)/Square",
					Mind,
				);
				INFOPLIST_FILE = "Square Mind/Info.plist";
				LD_RUNPATH_SEARCH_PATHS = "$(inherited) @executable_path/Frameworks";
				PRODUCT_BUNDLE_IDENTIFIER = com.Superwaffles.SquareMind;
				PRODUCT_NAME = "$(TARGET_NAME)";
				PROVISIONING_PROFILE = "";
				SWIFT_OBJC_BRIDGING_HEADER = "$(PROJECT_DIR)/Header.h";
			};
			name = Debug;
		};
		B8B077681D35B802009AB041 /* Release */ = {
			isa = XCBuildConfiguration;
			baseConfigurationReference = 840CC2A5BA3813B3BABB79AB /* Pods-Square Mind.release.xcconfig */;
			buildSettings = {
				ASSETCATALOG_COMPILER_APPICON_NAME = AppIcon;
				CODE_SIGN_IDENTITY = "iPhone Developer";
				"CODE_SIGN_IDENTITY[sdk=iphoneos*]" = "iPhone Developer";
				FRAMEWORK_SEARCH_PATHS = (
					"$(inherited)",
					"$(PROJECT_DIR)/Square",
					"Mind/Chartboost-iOS-6.4.7",
					2,
					"$(PROJECT_DIR)/Square",
					Mind,
					"$(PROJECT_DIR)/Square",
					Mind,
					"$(PROJECT_DIR)/Square",
					Mind,
				);
				INFOPLIST_FILE = "Square Mind/Info.plist";
				LD_RUNPATH_SEARCH_PATHS = "$(inherited) @executable_path/Frameworks";
				PRODUCT_BUNDLE_IDENTIFIER = com.Superwaffles.SquareMind;
				PRODUCT_NAME = "$(TARGET_NAME)";
				PROVISIONING_PROFILE = "";
				SWIFT_OBJC_BRIDGING_HEADER = "$(PROJECT_DIR)/Header.h";
			};
			name = Release;
		};
/* End XCBuildConfiguration section */

/* Begin XCConfigurationList section */
		B8B0774B1D35B802009AB041 /* Build configuration list for PBXProject "Square Mind" */ = {
			isa = XCConfigurationList;
			buildConfigurations = (
				B8B077641D35B802009AB041 /* Debug */,
				B8B077651D35B802009AB041 /* Release */,
			);
			defaultConfigurationIsVisible = 0;
			defaultConfigurationName = Release;
		};
		B8B077661D35B802009AB041 /* Build configuration list for PBXNativeTarget "Square Mind" */ = {
			isa = XCConfigurationList;
			buildConfigurations = (
				B8B077671D35B802009AB041 /* Debug */,
				B8B077681D35B802009AB041 /* Release */,
			);
			defaultConfigurationIsVisible = 0;
			defaultConfigurationName = Release;
		};
/* End XCConfigurationList section */
	};
	rootObject = B8B077481D35B802009AB041 /* Project object */;
}
